
Microsoft Visual Studio Solution File, Format Version 12.00
# Visual Studio Version 17
VisualStudioVersion = 17.1.32228.430
MinimumVisualStudioVersion = 10.0.40219.1
Project("{FAE04EC0-301F-11D3-BF4B-00C04F79EFBC}") = "XadrezConsole", "XadrezConsole\XadrezConsole.csproj", "{856104A8-5552-411F-9896-61A30084FFA2}"
EndProject
Global
	GlobalSection(SolutionConfigurationPlatforms) = preSolution
		Debug|Any CPU = Debug|Any CPU
		Release|Any CPU = Release|Any CPU
	EndGlobalSection
	GlobalSection(ProjectConfigurationPlatforms) = postSolution
		{856104A8-5552-411F-9896-61A30084FFA2}.Debug|Any CPU.ActiveCfg = Debug|Any CPU
		{856104A8-5552-411F-9896-61A30084FFA2}.Debug|Any CPU.Build.0 = Debug|Any CPU
		{856104A8-5552-411F-9896-61A30084FFA2}.Release|Any CPU.ActiveCfg = Release|Any CPU
		{856104A8-5552-411F-9896-61A30084FFA2}.Release|Any CPU.Build.0 = Release|Any CPU
	EndGlobalSection
	GlobalSection(SolutionProperties) = preSolution
		HideSolutionNode = FALSE
	EndGlobalSection
	GlobalSection(ExtensibilityGlobals) = postSolution
		SolutionGuid = {562A568C-7D55-4DF7-B66B-4D1C4DC94CC0}
	EndGlobalSection
EndGlobal
